# THIS IS AN AUTOGENERATED FILE. DO NOT EDIT THIS FILE DIRECTLY.
# yarn lockfile v1


ansi-regex@^5.0.0:
  version "5.0.0"
  resolved "https://registry.npm.taobao.org/ansi-regex/download/ansi-regex-5.0.0.tgz?cache=0&sync_timestamp=1618553044693&other_urls=https%3A%2F%2Fregistry.npm.taobao.org%2Fansi-regex%2Fdownload%2Fansi-regex-5.0.0.tgz#388539f55179bf39339c81af30a654d69f87cb75"
  integrity sha1-OIU59VF5vzkznIGvMKZU1p+Hy3U=

ansi-styles@^4.0.0:
  version "4.3.0"
  resolved "https://registry.nlark.com/ansi-styles/download/ansi-styles-4.3.0.tgz?cache=0&sync_timestamp=1618995588464&other_urls=https%3A%2F%2Fregistry.nlark.com%2Fansi-styles%2Fdownload%2Fansi-styles-4.3.0.tgz#edd803628ae71c04c85ae7a0906edad34b648937"
  integrity sha1-7dgDYornHATIWuegkG7a00tkiTc=
  dependencies:
    color-convert "^2.0.1"

async@^3.2.0:
  version "3.2.1"
  resolved "https://registry.nlark.com/async/download/async-3.2.1.tgz#d3274ec66d107a47476a4c49136aacdb00665fc8"
  integrity sha1-0ydOxm0QekdHakxJE2qs2wBmX8g=

cliui@^7.0.2:
  version "7.0.4"
  resolved "https://registry.nlark.com/cliui/download/cliui-7.0.4.tgz#a0265ee655476fc807aea9df3df8df7783808b4f"
  integrity sha1-oCZe5lVHb8gHrqnfPfjfd4OAi08=
  dependencies:
    string-width "^4.2.0"
    strip-ansi "^6.0.0"
    wrap-ansi "^7.0.0"

color-convert@^2.0.1:
  version "2.0.1"
  resolved "https://registry.nlark.com/color-convert/download/color-convert-2.0.1.tgz#72d3a68d598c9bdb3af2ad1e84f21d896abd4de3"
  integrity sha1-ctOmjVmMm9s68q0ehPIdiWq9TeM=
  dependencies:
    color-name "~1.1.4"

color-name@~1.1.4:
  version "1.1.4"
  resolved "https://registry.npm.taobao.org/color-name/download/color-name-1.1.4.tgz#c2a09a87acbde69543de6f63fa3995c826c536a2"
  integrity sha1-wqCah6y95pVD3m9j+jmVyCbFNqI=

emoji-regex@^8.0.0:
  version "8.0.0"
  resolved "https://registry.nlark.com/emoji-regex/download/emoji-regex-8.0.0.tgz#e818fd69ce5ccfcb404594f842963bf53164cc37"
  integrity sha1-6Bj9ac5cz8tARZT4QpY79TFkzDc=

escalade@^3.1.1:
  version "3.1.1"
  resolved "https://registry.npm.taobao.org/escalade/download/escalade-3.1.1.tgz#d8cfdc7000965c5a0174b4a82eaa5c0552742e40"
  integrity sha1-2M/ccACWXFoBdLSoLqpcBVJ0LkA=

get-caller-file@^2.0.5:
  version "2.0.5"
  resolved "https://registry.npm.taobao.org/get-caller-file/download/get-caller-file-2.0.5.tgz#4f94412a82db32f36e3b0b9741f8a97feb031f7e"
  integrity sha1-T5RBKoLbMvNuOwuXQfipf+sDH34=

is-fullwidth-code-point@^3.0.0:
  version "3.0.0"
  resolved "https://registry.nlark.com/is-fullwidth-code-point/download/is-fullwidth-code-point-3.0.0.tgz#f116f8064fe90b3f7844a38997c0b75051269f1d"
  integrity sha1-8Rb4Bk/pCz94RKOJl8C3UFEmnx0=

lodash@^4.17.21:
  version "4.17.21"
  resolved "https://registry.nlark.com/lodash/download/lodash-4.17.21.tgz?cache=0&sync_timestamp=1618847150612&other_urls=https%3A%2F%2Fregistry.nlark.com%2Flodash%2Fdownload%2Flodash-4.17.21.tgz#679591c564c3bffaae8454cf0b3df370c3d6911c"
  integrity sha1-Z5WRxWTDv/quhFTPCz3zcMPWkRw=

pdf2json@^1.2.3:
  version "1.2.3"
  resolved "https://registry.nlark.com/pdf2json/download/pdf2json-1.2.3.tgz#17eb84d02490c1dd3153c081e57161b7756d1b75"
  integrity sha1-F+uE0CSQwd0xU8CB5XFht3VtG3U=
  dependencies:
    async "^3.2.0"
    lodash "^4.17.21"
    xmldom "^0.6.0"
    yargs "^17.0.1"

require-directory@^2.1.1:
  version "2.1.1"
  resolved "https://registry.nlark.com/require-directory/download/require-directory-2.1.1.tgz#8c64ad5fd30dab1c976e2344ffe7f792a6a6df42"
  integrity sha1-jGStX9MNqxyXbiNE/+f3kqam30I=

string-width@^4.1.0, string-width@^4.2.0:
  version "4.2.2"
  resolved "https://registry.nlark.com/string-width/download/string-width-4.2.2.tgz#dafd4f9559a7585cfba529c6a0a4f73488ebd4c5"
  integrity sha1-2v1PlVmnWFz7pSnGoKT3NIjr1MU=
  dependencies:
    emoji-regex "^8.0.0"
    is-fullwidth-code-point "^3.0.0"
    strip-ansi "^6.0.0"

strip-ansi@^6.0.0:
  version "6.0.0"
  resolved "https://registry.nlark.com/strip-ansi/download/strip-ansi-6.0.0.tgz#0b1571dd7669ccd4f3e06e14ef1eed26225ae532"
  integrity sha1-CxVx3XZpzNTz4G4U7x7tJiJa5TI=
  dependencies:
    ansi-regex "^5.0.0"

wrap-ansi@^7.0.0:
  version "7.0.0"
  resolved "https://registry.nlark.com/wrap-ansi/download/wrap-ansi-7.0.0.tgz#67e145cff510a6a6984bdf1152911d69d2eb9e43"
  integrity sha1-Z+FFz/UQpqaYS98RUpEdadLrnkM=
  dependencies:
    ansi-styles "^4.0.0"
    string-width "^4.1.0"
    strip-ansi "^6.0.0"

xmldom@^0.6.0:
  version "0.6.0"
  resolved "https://registry.npm.taobao.org/xmldom/download/xmldom-0.6.0.tgz?cache=0&sync_timestamp=1618678919472&other_urls=https%3A%2F%2Fregistry.npm.taobao.org%2Fxmldom%2Fdownload%2Fxmldom-0.6.0.tgz#43a96ecb8beece991cef382c08397d82d4d0c46f"
  integrity sha1-Q6luy4vuzpkc7zgsCDl9gtTQxG8=

y18n@^5.0.5:
  version "5.0.8"
  resolved "https://registry.nlark.com/y18n/download/y18n-5.0.8.tgz#7f4934d0f7ca8c56f95314939ddcd2dd91ce1d55"
  integrity sha1-f0k00PfKjFb5UxSTndzS3ZHOHVU=

yargs-parser@^20.2.2:
  version "20.2.9"
  resolved "https://registry.nlark.com/yargs-parser/download/yargs-parser-20.2.9.tgz?cache=0&sync_timestamp=1624233514145&other_urls=https%3A%2F%2Fregistry.nlark.com%2Fyargs-parser%2Fdownload%2Fyargs-parser-20.2.9.tgz#2eb7dc3b0289718fc295f362753845c41a0c94ee"
  integrity sha1-LrfcOwKJcY/ClfNidThFxBoMlO4=

yargs@^17.0.1:
  version "17.1.1"
  resolved "https://registry.nlark.com/yargs/download/yargs-17.1.1.tgz#c2a8091564bdb196f7c0a67c1d12e5b85b8067ba"
  integrity sha1-wqgJFWS9sZb3wKZ8HRLluFuAZ7o=
  dependencies:
    cliui "^7.0.2"
    escalade "^3.1.1"
    get-caller-file "^2.0.5"
    require-directory "^2.1.1"
    string-width "^4.2.0"
    y18n "^5.0.5"
    yargs-parser "^20.2.2"
